
Microsoft Visual Studio Solution File, Format Version 12.00
# Visual Studio Version 16
VisualStudioVersion = 16.0.30907.101
MinimumVisualStudioVersion = 10.0.40219.1
Project("{9A19103F-16F7-4668-BE54-9A1E7A4F7556}") = "cs-lab-serializacja-szyfrowanie-GraZgadywanka", "cs-lab-serializacja-szyfrowanie-GraZgadywanka.csproj", "{EB1FDF2A-7A09-4A2C-A6B2-8119FB3C45D4}"
EndProject
Project("{9A19103F-16F7-4668-BE54-9A1E7A4F7556}") = "cs-lab-serializacja-szyfrowanie-GraZgadywanka_XML", "..\cs-lab-serializacja-szyfrowanie-GraZgadywanka_XML\cs-lab-serializacja-szyfrowanie-GraZgadywanka_XML.csproj", "{F57F17D1-3EF0-4330-B13E-5425E41C76CB}"
EndProject
Project("{FAE04EC0-301F-11D3-BF4B-00C04F79EFBC}") = "cs-lab-serializacja-szyfrowanie-GraZgadywanka-AutoZapis", "..\cs-lab-serializacja-szyfrowanie-GraZgadywanka-AutoZapis\cs-lab-serializacja-szyfrowanie-GraZgadywanka-AutoZapis.csproj", "{52952CD7-7F0B-4F11-9DD7-2F5B683CAC11}"
EndProject
Global
	GlobalSection(SolutionConfigurationPlatforms) = preSolution
		Debug|Any CPU = Debug|Any CPU
		Release|Any CPU = Release|Any CPU
	EndGlobalSection
	GlobalSection(ProjectConfigurationPlatforms) = postSolution
		{EB1FDF2A-7A09-4A2C-A6B2-8119FB3C45D4}.Debug|Any CPU.ActiveCfg = Debug|Any CPU
		{EB1FDF2A-7A09-4A2C-A6B2-8119FB3C45D4}.Debug|Any CPU.Build.0 = Debug|Any CPU
		{EB1FDF2A-7A09-4A2C-A6B2-8119FB3C45D4}.Release|Any CPU.ActiveCfg = Release|Any CPU
		{EB1FDF2A-7A09-4A2C-A6B2-8119FB3C45D4}.Release|Any CPU.Build.0 = Release|Any CPU
		{F57F17D1-3EF0-4330-B13E-5425E41C76CB}.Debug|Any CPU.ActiveCfg = Debug|Any CPU
		{F57F17D1-3EF0-4330-B13E-5425E41C76CB}.Debug|Any CPU.Build.0 = Debug|Any CPU
		{F57F17D1-3EF0-4330-B13E-5425E41C76CB}.Release|Any CPU.ActiveCfg = Release|Any CPU
		{F57F17D1-3EF0-4330-B13E-5425E41C76CB}.Release|Any CPU.Build.0 = Release|Any CPU
		{52952CD7-7F0B-4F11-9DD7-2F5B683CAC11}.Debug|Any CPU.ActiveCfg = Debug|Any CPU
		{52952CD7-7F0B-4F11-9DD7-2F5B683CAC11}.Debug|Any CPU.Build.0 = Debug|Any CPU
		{52952CD7-7F0B-4F11-9DD7-2F5B683CAC11}.Release|Any CPU.ActiveCfg = Release|Any CPU
		{52952CD7-7F0B-4F11-9DD7-2F5B683CAC11}.Release|Any CPU.Build.0 = Release|Any CPU
	EndGlobalSection
	GlobalSection(SolutionProperties) = preSolution
		HideSolutionNode = FALSE
	EndGlobalSection
	GlobalSection(ExtensibilityGlobals) = postSolution
		SolutionGuid = {876ECD0F-1145-45F6-ABB0-F9B6E22DE4A1}
	EndGlobalSection
EndGlobal
